
Microsoft Visual Studio Solution File, Format Version 12.00
# Visual Studio Version 17
VisualStudioVersion = 17.8.34408.163
MinimumVisualStudioVersion = 10.0.40219.1
Project("{FAE04EC0-301F-11D3-BF4B-00C04F79EFBC}") = "homework11", "homework11\homework11.csproj", "{7A66253E-BA84-4C78-9A6E-722E0BDAA2DD}"
EndProject
Global
	GlobalSection(SolutionConfigurationPlatforms) = preSolution
		Debug|Any CPU = Debug|Any CPU
		Release|Any CPU = Release|Any CPU
	EndGlobalSection
	GlobalSection(ProjectConfigurationPlatforms) = postSolution
		{7A66253E-BA84-4C78-9A6E-722E0BDAA2DD}.Debug|Any CPU.ActiveCfg = Debug|Any CPU
		{7A66253E-BA84-4C78-9A6E-722E0BDAA2DD}.Debug|Any CPU.Build.0 = Debug|Any CPU
		{7A66253E-BA84-4C78-9A6E-722E0BDAA2DD}.Release|Any CPU.ActiveCfg = Release|Any CPU
		{7A66253E-BA84-4C78-9A6E-722E0BDAA2DD}.Release|Any CPU.Build.0 = Release|Any CPU
	EndGlobalSection
	GlobalSection(SolutionProperties) = preSolution
		HideSolutionNode = FALSE
	EndGlobalSection
	GlobalSection(ExtensibilityGlobals) = postSolution
		SolutionGuid = {4964ED5D-7E30-476A-8B61-0C57A7DDF578}
	EndGlobalSection
EndGlobal
